github.com/k-sone/snmpgo v3.0.1+incompatible h1:J65S0HVat2ScG5jzdZeWAYZ9pa+/n7inGkF+0vHV7Lk=
github.com/k-sone/snmpgo v3.0.1+incompatible/go.mod h1:9MC6LeG1sGPgrwnmu/V/ncg9P2M5zS5IvE+c4KZj25g=
github.com/mattn/go-runewidth v0.0.2-0.20161012013512-737072b4e32b h1:zGKCShADxSzhD4RVcNFKuaedhqMYyWD54Fg9aV/BvXM=
github.com/mattn/go-runewidth v0.0.2-0.20161012013512-737072b4e32b/go.mod h1:LwmH8dsx7+W8Uxz3IHJYH5QSwggIsqBzpuz5H//U1FU=
github.com/olekukonko/tablewriter v0.0.0-20160923125401-bdcc175572fd h1:nEatQ6JnwCT9iYD5uqYUiFqq8tJGX25to8KVKXqya7k=
github.com/olekukonko/tablewriter v0.0.0-20160923125401-bdcc175572fd/go.mod h1:vsDQFd/mU46D+Z4whnwzcISnGGzXWMclvtLoiIKAKIo=
github.com/urfave/cli v1.19.1 h1:0mKm4ZoB74PxYmZVua162y1dGt1qc10MyymYRBf3lb8=
github.com/urfave/cli v1.19.1/go.mod h1:70zkFmudgCuE/ngEzBv17Jvp/497gISqfk5gWijbERA=
